
Microsoft Visual Studio Solution File, Format Version 12.00
# Visual Studio Version 17
VisualStudioVersion = 17.3.32922.545
MinimumVisualStudioVersion = 10.0.40219.1
Project("{FAE04EC0-301F-11D3-BF4B-00C04F79EFBC}") = "Copperplate", "Copperplate\Copperplate.csproj", "{F22E5C1A-86CF-415A-8554-5FC378D2141A}"
EndProject
Global
	GlobalSection(SolutionConfigurationPlatforms) = preSolution
		Debug|Any CPU = Debug|Any CPU
		Release|Any CPU = Release|Any CPU
	EndGlobalSection
	GlobalSection(ProjectConfigurationPlatforms) = postSolution
		{F22E5C1A-86CF-415A-8554-5FC378D2141A}.Debug|Any CPU.ActiveCfg = Debug|Any CPU
		{F22E5C1A-86CF-415A-8554-5FC378D2141A}.Debug|Any CPU.Build.0 = Debug|Any CPU
		{F22E5C1A-86CF-415A-8554-5FC378D2141A}.Release|Any CPU.ActiveCfg = Release|Any CPU
		{F22E5C1A-86CF-415A-8554-5FC378D2141A}.Release|Any CPU.Build.0 = Release|Any CPU
	EndGlobalSection
	GlobalSection(SolutionProperties) = preSolution
		HideSolutionNode = FALSE
	EndGlobalSection
	GlobalSection(ExtensibilityGlobals) = postSolution
		SolutionGuid = {571EFF28-7304-43E7-A431-3F73B0DC038A}
	EndGlobalSection
EndGlobal
